
Microsoft Visual Studio Solution File, Format Version 12.00
# Visual Studio Version 16
VisualStudioVersion = 16.0.31112.23
MinimumVisualStudioVersion = 10.0.40219.1
Project("{FAE04EC0-301F-11D3-BF4B-00C04F79EFBC}") = "arquiteturaLimpa", "arquiteturaLimpa\arquiteturaLimpa.csproj", "{E54D0E34-3C92-46D8-BB42-CCFD7CEBBC69}"
EndProject
Global
	GlobalSection(SolutionConfigurationPlatforms) = preSolution
		Debug|Any CPU = Debug|Any CPU
		Release|Any CPU = Release|Any CPU
	EndGlobalSection
	GlobalSection(ProjectConfigurationPlatforms) = postSolution
		{E54D0E34-3C92-46D8-BB42-CCFD7CEBBC69}.Debug|Any CPU.ActiveCfg = Debug|Any CPU
		{E54D0E34-3C92-46D8-BB42-CCFD7CEBBC69}.Debug|Any CPU.Build.0 = Debug|Any CPU
		{E54D0E34-3C92-46D8-BB42-CCFD7CEBBC69}.Release|Any CPU.ActiveCfg = Release|Any CPU
		{E54D0E34-3C92-46D8-BB42-CCFD7CEBBC69}.Release|Any CPU.Build.0 = Release|Any CPU
	EndGlobalSection
	GlobalSection(SolutionProperties) = preSolution
		HideSolutionNode = FALSE
	EndGlobalSection
	GlobalSection(ExtensibilityGlobals) = postSolution
		SolutionGuid = {EC6A855D-36A7-4859-92DB-199B7C33060C}
	EndGlobalSection
EndGlobal
